
Microsoft Visual Studio Solution File, Format Version 12.00
# Visual Studio 15
VisualStudioVersion = 15.0.27703.2042
MinimumVisualStudioVersion = 10.0.40219.1
Project("{9A19103F-16F7-4668-BE54-9A1E7A4F7556}") = "CookAssistant", "CookAssistant\CookAssistant.csproj", "{B060AE8F-8382-4B32-A57A-BFCF3FAE39F1}"
EndProject
Project("{FAE04EC0-301F-11D3-BF4B-00C04F79EFBC}") = "CookAssistant.Test", "CookAssistant.Test\CookAssistant.Test.csproj", "{8D3DD17A-A651-4CF7-9A80-2E8B35A93A3E}"
EndProject
Global
	GlobalSection(SolutionConfigurationPlatforms) = preSolution
		Debug|Any CPU = Debug|Any CPU
		Release|Any CPU = Release|Any CPU
	EndGlobalSection
	GlobalSection(ProjectConfigurationPlatforms) = postSolution
		{B060AE8F-8382-4B32-A57A-BFCF3FAE39F1}.Debug|Any CPU.ActiveCfg = Debug|Any CPU
		{B060AE8F-8382-4B32-A57A-BFCF3FAE39F1}.Debug|Any CPU.Build.0 = Debug|Any CPU
		{B060AE8F-8382-4B32-A57A-BFCF3FAE39F1}.Release|Any CPU.ActiveCfg = Release|Any CPU
		{B060AE8F-8382-4B32-A57A-BFCF3FAE39F1}.Release|Any CPU.Build.0 = Release|Any CPU
		{8D3DD17A-A651-4CF7-9A80-2E8B35A93A3E}.Debug|Any CPU.ActiveCfg = Debug|Any CPU
		{8D3DD17A-A651-4CF7-9A80-2E8B35A93A3E}.Debug|Any CPU.Build.0 = Debug|Any CPU
		{8D3DD17A-A651-4CF7-9A80-2E8B35A93A3E}.Release|Any CPU.ActiveCfg = Release|Any CPU
		{8D3DD17A-A651-4CF7-9A80-2E8B35A93A3E}.Release|Any CPU.Build.0 = Release|Any CPU
	EndGlobalSection
	GlobalSection(SolutionProperties) = preSolution
		HideSolutionNode = FALSE
	EndGlobalSection
	GlobalSection(ExtensibilityGlobals) = postSolution
		SolutionGuid = {C84A2DC5-D90A-49F5-AC4E-E192BDBE812D}
	EndGlobalSection
EndGlobal
